
Microsoft Visual Studio Solution File, Format Version 12.00
# Visual Studio Version 17
VisualStudioVersion = 17.7.34202.233
MinimumVisualStudioVersion = 10.0.40219.1
Project("{FAE04EC0-301F-11D3-BF4B-00C04F79EFBC}") = "ConnectingApps.LoggingWebApi", "ConnectingApps.LoggingWebApi\ConnectingApps.LoggingWebApi.csproj", "{EC44F43B-29AD-411E-8E0D-84FB44F11B5E}"
EndProject
Project("{FAE04EC0-301F-11D3-BF4B-00C04F79EFBC}") = "ConnectingApps.Xunit.TestLogger", "ConnectingApps.Xunit.TestLogger\ConnectingApps.Xunit.TestLogger.csproj", "{12CA12C6-86AA-4666-AD7B-7A774540C9C1}"
EndProject
Project("{FAE04EC0-301F-11D3-BF4B-00C04F79EFBC}") = "ConnectingApps.LoggingWebApi.IntegrationTest", "ConnectingApps.LoggingWebApi.IntegrationTest\ConnectingApps.LoggingWebApi.IntegrationTest.csproj", "{A1D27873-0590-46BD-86BE-9D2BD9E11CF3}"
EndProject
Project("{FAE04EC0-301F-11D3-BF4B-00C04F79EFBC}") = "ConnectingApps.LoggingWebApi7", "ConnectingApps.LoggingWebApi7\ConnectingApps.LoggingWebApi7.csproj", "{1E968975-2B00-4F44-A9CA-BAC408F7E03C}"
EndProject
Project("{FAE04EC0-301F-11D3-BF4B-00C04F79EFBC}") = "ConnectingApps.LoggingWebApi.IntegrationTest7", "ConnectingApps.LoggingWebApi.IntegrationTest7\ConnectingApps.LoggingWebApi.IntegrationTest7.csproj", "{890A8DFE-97A7-496B-A6C8-A1C800445A7A}"
EndProject
Project("{FAE04EC0-301F-11D3-BF4B-00C04F79EFBC}") = "ConnectingApps.LoggingWebApi8", "ConnectingApps.LoggingWebApi8\ConnectingApps.LoggingWebApi8.csproj", "{B39C853D-A1B3-462A-A9DF-EDA103B2BE74}"
EndProject
Project("{FAE04EC0-301F-11D3-BF4B-00C04F79EFBC}") = "ConnectingApps.LoggingWebApi.IntegrationTest8", "ConnectingApps.LoggingWebApi.IntegrationTest8\ConnectingApps.LoggingWebApi.IntegrationTest8.csproj", "{E2672C21-71C4-4883-99DA-1951058423C0}"
EndProject
Project("{FAE04EC0-301F-11D3-BF4B-00C04F79EFBC}") = "ConnectingApps.LoggingWebApi9", "ConnectingApps.LoggingWebApi9\ConnectingApps.LoggingWebApi9.csproj", "{95A7E483-CF36-4DFF-B8BA-24D7763EB261}"
EndProject
Project("{FAE04EC0-301F-11D3-BF4B-00C04F79EFBC}") = "ConnectingApps.LoggingWebApi.IntegrationTest9", "ConnectingApps.LoggingWebApi.IntegrationTest9\ConnectingApps.LoggingWebApi.IntegrationTest9.csproj", "{ECE012D5-DFB7-4FC2-9212-03F491C82D97}"
EndProject
Global
	GlobalSection(SolutionConfigurationPlatforms) = preSolution
		Debug|Any CPU = Debug|Any CPU
		Release|Any CPU = Release|Any CPU
	EndGlobalSection
	GlobalSection(ProjectConfigurationPlatforms) = postSolution
		{EC44F43B-29AD-411E-8E0D-84FB44F11B5E}.Debug|Any CPU.ActiveCfg = Debug|Any CPU
		{EC44F43B-29AD-411E-8E0D-84FB44F11B5E}.Debug|Any CPU.Build.0 = Debug|Any CPU
		{EC44F43B-29AD-411E-8E0D-84FB44F11B5E}.Release|Any CPU.ActiveCfg = Release|Any CPU
		{EC44F43B-29AD-411E-8E0D-84FB44F11B5E}.Release|Any CPU.Build.0 = Release|Any CPU
		{12CA12C6-86AA-4666-AD7B-7A774540C9C1}.Debug|Any CPU.ActiveCfg = Debug|Any CPU
		{12CA12C6-86AA-4666-AD7B-7A774540C9C1}.Debug|Any CPU.Build.0 = Debug|Any CPU
		{12CA12C6-86AA-4666-AD7B-7A774540C9C1}.Release|Any CPU.ActiveCfg = Release|Any CPU
		{12CA12C6-86AA-4666-AD7B-7A774540C9C1}.Release|Any CPU.Build.0 = Release|Any CPU
		{A1D27873-0590-46BD-86BE-9D2BD9E11CF3}.Debug|Any CPU.ActiveCfg = Debug|Any CPU
		{A1D27873-0590-46BD-86BE-9D2BD9E11CF3}.Debug|Any CPU.Build.0 = Debug|Any CPU
		{A1D27873-0590-46BD-86BE-9D2BD9E11CF3}.Release|Any CPU.ActiveCfg = Release|Any CPU
		{A1D27873-0590-46BD-86BE-9D2BD9E11CF3}.Release|Any CPU.Build.0 = Release|Any CPU
		{1E968975-2B00-4F44-A9CA-BAC408F7E03C}.Debug|Any CPU.ActiveCfg = Debug|Any CPU
		{1E968975-2B00-4F44-A9CA-BAC408F7E03C}.Debug|Any CPU.Build.0 = Debug|Any CPU
		{1E968975-2B00-4F44-A9CA-BAC408F7E03C}.Release|Any CPU.ActiveCfg = Release|Any CPU
		{1E968975-2B00-4F44-A9CA-BAC408F7E03C}.Release|Any CPU.Build.0 = Release|Any CPU
		{890A8DFE-97A7-496B-A6C8-A1C800445A7A}.Debug|Any CPU.ActiveCfg = Debug|Any CPU
		{890A8DFE-97A7-496B-A6C8-A1C800445A7A}.Debug|Any CPU.Build.0 = Debug|Any CPU
		{890A8DFE-97A7-496B-A6C8-A1C800445A7A}.Release|Any CPU.ActiveCfg = Release|Any CPU
		{890A8DFE-97A7-496B-A6C8-A1C800445A7A}.Release|Any CPU.Build.0 = Release|Any CPU
		{B39C853D-A1B3-462A-A9DF-EDA103B2BE74}.Debug|Any CPU.ActiveCfg = Debug|Any CPU
		{B39C853D-A1B3-462A-A9DF-EDA103B2BE74}.Debug|Any CPU.Build.0 = Debug|Any CPU
		{B39C853D-A1B3-462A-A9DF-EDA103B2BE74}.Release|Any CPU.ActiveCfg = Release|Any CPU
		{B39C853D-A1B3-462A-A9DF-EDA103B2BE74}.Release|Any CPU.Build.0 = Release|Any CPU
		{E2672C21-71C4-4883-99DA-1951058423C0}.Debug|Any CPU.ActiveCfg = Debug|Any CPU
		{E2672C21-71C4-4883-99DA-1951058423C0}.Debug|Any CPU.Build.0 = Debug|Any CPU
		{E2672C21-71C4-4883-99DA-1951058423C0}.Release|Any CPU.ActiveCfg = Release|Any CPU
		{E2672C21-71C4-4883-99DA-1951058423C0}.Release|Any CPU.Build.0 = Release|Any CPU
		{95A7E483-CF36-4DFF-B8BA-24D7763EB261}.Debug|Any CPU.ActiveCfg = Debug|Any CPU
		{95A7E483-CF36-4DFF-B8BA-24D7763EB261}.Debug|Any CPU.Build.0 = Debug|Any CPU
		{95A7E483-CF36-4DFF-B8BA-24D7763EB261}.Release|Any CPU.ActiveCfg = Release|Any CPU
		{95A7E483-CF36-4DFF-B8BA-24D7763EB261}.Release|Any CPU.Build.0 = Release|Any CPU
		{ECE012D5-DFB7-4FC2-9212-03F491C82D97}.Debug|Any CPU.ActiveCfg = Debug|Any CPU
		{ECE012D5-DFB7-4FC2-9212-03F491C82D97}.Debug|Any CPU.Build.0 = Debug|Any CPU
		{ECE012D5-DFB7-4FC2-9212-03F491C82D97}.Release|Any CPU.ActiveCfg = Release|Any CPU
		{ECE012D5-DFB7-4FC2-9212-03F491C82D97}.Release|Any CPU.Build.0 = Release|Any CPU
	EndGlobalSection
	GlobalSection(SolutionProperties) = preSolution
		HideSolutionNode = FALSE
	EndGlobalSection
	GlobalSection(ExtensibilityGlobals) = postSolution
		SolutionGuid = {E4B434FD-9061-4CE4-A2D1-5646226F09F1}
	EndGlobalSection
EndGlobal
