
Microsoft Visual Studio Solution File, Format Version 12.00
# Visual Studio Version 17
VisualStudioVersion = 17.7.34202.233
MinimumVisualStudioVersion = 10.0.40219.1
Project("{FAE04EC0-301F-11D3-BF4B-00C04F79EFBC}") = "ConnectingApps.LoggingWebApi", "ConnectingApps.LoggingWebApi\ConnectingApps.LoggingWebApi.csproj", "{EC44F43B-29AD-411E-8E0D-84FB44F11B5E}"
EndProject
Global
	GlobalSection(SolutionConfigurationPlatforms) = preSolution
		Debug|Any CPU = Debug|Any CPU
		Release|Any CPU = Release|Any CPU
	EndGlobalSection
	GlobalSection(ProjectConfigurationPlatforms) = postSolution
		{EC44F43B-29AD-411E-8E0D-84FB44F11B5E}.Debug|Any CPU.ActiveCfg = Debug|Any CPU
		{EC44F43B-29AD-411E-8E0D-84FB44F11B5E}.Debug|Any CPU.Build.0 = Debug|Any CPU
		{EC44F43B-29AD-411E-8E0D-84FB44F11B5E}.Release|Any CPU.ActiveCfg = Release|Any CPU
		{EC44F43B-29AD-411E-8E0D-84FB44F11B5E}.Release|Any CPU.Build.0 = Release|Any CPU
	EndGlobalSection
	GlobalSection(SolutionProperties) = preSolution
		HideSolutionNode = FALSE
	EndGlobalSection
	GlobalSection(ExtensibilityGlobals) = postSolution
		SolutionGuid = {E4B434FD-9061-4CE4-A2D1-5646226F09F1}
	EndGlobalSection
EndGlobal
